
Microsoft Visual Studio Solution File, Format Version 10.00
# Visual Studio 2008
Project("{FAE04EC0-301F-11D3-BF4B-00C04F79EFBC}") = "ROYcms.Tools.Tp", "ROYcms.Tools.Tp.csproj", "{EF14EA0B-5159-4CA7-A8AC-A261272B6D8F}"
EndProject
Global
	GlobalSection(SolutionConfigurationPlatforms) = preSolution
		Debug|Any CPU = Debug|Any CPU
		Release|Any CPU = Release|Any CPU
	EndGlobalSection
	GlobalSection(ProjectConfigurationPlatforms) = postSolution
		{EF14EA0B-5159-4CA7-A8AC-A261272B6D8F}.Debug|Any CPU.ActiveCfg = Debug|Any CPU
		{EF14EA0B-5159-4CA7-A8AC-A261272B6D8F}.Debug|Any CPU.Build.0 = Debug|Any CPU
		{EF14EA0B-5159-4CA7-A8AC-A261272B6D8F}.Release|Any CPU.ActiveCfg = Release|Any CPU
		{EF14EA0B-5159-4CA7-A8AC-A261272B6D8F}.Release|Any CPU.Build.0 = Release|Any CPU
	EndGlobalSection
	GlobalSection(SolutionProperties) = preSolution
		HideSolutionNode = FALSE
	EndGlobalSection
EndGlobal
