
Microsoft Visual Studio Solution File, Format Version 12.00
# Visual Studio 2012
Project("{FAE04EC0-301F-11D3-BF4B-00C04F79EFBC}") = "Ivony.Core", "Ivony.Core\Ivony.Core.csproj", "{BF0B37E7-2D93-4A3D-AD6D-0B51B66F5B21}"
EndProject
Project("{FAE04EC0-301F-11D3-BF4B-00C04F79EFBC}") = "Ivony.Html", "Ivony.Html\Ivony.Html.csproj", "{E775B408-605F-4B66-87B6-98596069B703}"
EndProject
Project("{FAE04EC0-301F-11D3-BF4B-00C04F79EFBC}") = "Ivony.Html.Forms", "Ivony.Html.Forms\Ivony.Html.Forms.csproj", "{1DAB4B96-D944-46FE-BC73-7B618DEE169F}"
EndProject
Project("{FAE04EC0-301F-11D3-BF4B-00C04F79EFBC}") = "Ivony.Html.Parser", "Ivony.Html.Parser\Ivony.Html.Parser.csproj", "{D05D58D3-5C3A-41BD-BA9E-2AA532A3B1BE}"
EndProject
Project("{FAE04EC0-301F-11D3-BF4B-00C04F79EFBC}") = "Ivony.Html.Web", "Ivony.Html.Web\Ivony.Html.Web.csproj", "{6CE7336E-D881-40B2-9495-C06CF9A61AC6}"
EndProject
Project("{FAE04EC0-301F-11D3-BF4B-00C04F79EFBC}") = "Ivony.Html.Web.Mvc", "Ivony.Html.Web.Mvc\Ivony.Html.Web.Mvc.csproj", "{2FC154E1-E0E5-4F34-A6DB-973D5332070A}"
EndProject
Project("{E24C65DC-7377-472B-9ABA-BC803B73C61A}") = "MvcSimpleTodo", "WebSite\MvcSimpleTodo\", "{29F93961-DF4F-4912-B376-892B62BDC93E}"
	ProjectSection(WebsiteProperties) = preProject
		Debug.AspNetCompiler.Debug = "True"
		Debug.AspNetCompiler.FixedNames = "false"
		Debug.AspNetCompiler.ForceOverwrite = "true"
		Debug.AspNetCompiler.PhysicalPath = "WebSite\MvcSimpleTodo\"
		Debug.AspNetCompiler.TargetPath = "PrecompiledWeb\MvcSimpleTodo\"
		Debug.AspNetCompiler.Updateable = "true"
		Debug.AspNetCompiler.VirtualPath = "/MvcSimpleTodo"
		ProjectReferences = "{2FC154E1-E0E5-4F34-A6DB-973D5332070A}|Ivony.Html.Web.Mvc.dll;{BF0B37E7-2D93-4A3D-AD6D-0B51B66F5B21}|Ivony.Core.dll;{E775B408-605F-4B66-87B6-98596069B703}|Ivony.Html.dll;{1DAB4B96-D944-46FE-BC73-7B618DEE169F}|Ivony.Html.Forms.dll;{6CE7336E-D881-40B2-9495-C06CF9A61AC6}|Ivony.Html.Web.dll;{D05D58D3-5C3A-41BD-BA9E-2AA532A3B1BE}|Ivony.Html.Parser.dll;"
		Release.AspNetCompiler.Debug = "False"
		Release.AspNetCompiler.FixedNames = "false"
		Release.AspNetCompiler.ForceOverwrite = "true"
		Release.AspNetCompiler.PhysicalPath = "WebSite\MvcSimpleTodo\"
		Release.AspNetCompiler.TargetPath = "PrecompiledWeb\MvcSimpleTodo\"
		Release.AspNetCompiler.Updateable = "true"
		Release.AspNetCompiler.VirtualPath = "/MvcSimpleTodo"
		TargetFrameworkMoniker = ".NETFramework,Version%3Dv4.0"
		VWDDynamicPort = "false"
		VWDPort = "1888"
		VWDVirtualPath = "/"
	EndProjectSection
EndProject
Global
	GlobalSection(SolutionConfigurationPlatforms) = preSolution
		Debug|Any CPU = Debug|Any CPU
		Debug|Mixed Platforms = Debug|Mixed Platforms
		Debug|x86 = Debug|x86
		Release|Any CPU = Release|Any CPU
		Release|Mixed Platforms = Release|Mixed Platforms
		Release|x86 = Release|x86
	EndGlobalSection
	GlobalSection(ProjectConfigurationPlatforms) = postSolution
		{1DAB4B96-D944-46FE-BC73-7B618DEE169F}.Debug|Any CPU.ActiveCfg = Debug|Any CPU
		{1DAB4B96-D944-46FE-BC73-7B618DEE169F}.Debug|Any CPU.Build.0 = Debug|Any CPU
		{1DAB4B96-D944-46FE-BC73-7B618DEE169F}.Debug|Mixed Platforms.ActiveCfg = Debug|Any CPU
		{1DAB4B96-D944-46FE-BC73-7B618DEE169F}.Debug|Mixed Platforms.Build.0 = Debug|Any CPU
		{1DAB4B96-D944-46FE-BC73-7B618DEE169F}.Debug|x86.ActiveCfg = Debug|Any CPU
		{1DAB4B96-D944-46FE-BC73-7B618DEE169F}.Release|Any CPU.ActiveCfg = Release|Any CPU
		{1DAB4B96-D944-46FE-BC73-7B618DEE169F}.Release|Any CPU.Build.0 = Release|Any CPU
		{1DAB4B96-D944-46FE-BC73-7B618DEE169F}.Release|Mixed Platforms.ActiveCfg = Release|Any CPU
		{1DAB4B96-D944-46FE-BC73-7B618DEE169F}.Release|Mixed Platforms.Build.0 = Release|Any CPU
		{1DAB4B96-D944-46FE-BC73-7B618DEE169F}.Release|x86.ActiveCfg = Release|Any CPU
		{29F93961-DF4F-4912-B376-892B62BDC93E}.Debug|Any CPU.ActiveCfg = Debug|Any CPU
		{29F93961-DF4F-4912-B376-892B62BDC93E}.Debug|Any CPU.Build.0 = Debug|Any CPU
		{29F93961-DF4F-4912-B376-892B62BDC93E}.Debug|Mixed Platforms.ActiveCfg = Debug|Any CPU
		{29F93961-DF4F-4912-B376-892B62BDC93E}.Debug|Mixed Platforms.Build.0 = Debug|Any CPU
		{29F93961-DF4F-4912-B376-892B62BDC93E}.Debug|x86.ActiveCfg = Debug|Any CPU
		{29F93961-DF4F-4912-B376-892B62BDC93E}.Release|Any CPU.ActiveCfg = Debug|Any CPU
		{29F93961-DF4F-4912-B376-892B62BDC93E}.Release|Any CPU.Build.0 = Debug|Any CPU
		{29F93961-DF4F-4912-B376-892B62BDC93E}.Release|Mixed Platforms.ActiveCfg = Debug|Any CPU
		{29F93961-DF4F-4912-B376-892B62BDC93E}.Release|Mixed Platforms.Build.0 = Debug|Any CPU
		{29F93961-DF4F-4912-B376-892B62BDC93E}.Release|x86.ActiveCfg = Debug|Any CPU
		{2FC154E1-E0E5-4F34-A6DB-973D5332070A}.Debug|Any CPU.ActiveCfg = Debug|Any CPU
		{2FC154E1-E0E5-4F34-A6DB-973D5332070A}.Debug|Any CPU.Build.0 = Debug|Any CPU
		{2FC154E1-E0E5-4F34-A6DB-973D5332070A}.Debug|Mixed Platforms.ActiveCfg = Debug|Any CPU
		{2FC154E1-E0E5-4F34-A6DB-973D5332070A}.Debug|Mixed Platforms.Build.0 = Debug|Any CPU
		{2FC154E1-E0E5-4F34-A6DB-973D5332070A}.Debug|x86.ActiveCfg = Debug|Any CPU
		{2FC154E1-E0E5-4F34-A6DB-973D5332070A}.Release|Any CPU.ActiveCfg = Release|Any CPU
		{2FC154E1-E0E5-4F34-A6DB-973D5332070A}.Release|Any CPU.Build.0 = Release|Any CPU
		{2FC154E1-E0E5-4F34-A6DB-973D5332070A}.Release|Mixed Platforms.ActiveCfg = Release|Any CPU
		{2FC154E1-E0E5-4F34-A6DB-973D5332070A}.Release|Mixed Platforms.Build.0 = Release|Any CPU
		{2FC154E1-E0E5-4F34-A6DB-973D5332070A}.Release|x86.ActiveCfg = Release|Any CPU
		{6CE7336E-D881-40B2-9495-C06CF9A61AC6}.Debug|Any CPU.ActiveCfg = Debug|Any CPU
		{6CE7336E-D881-40B2-9495-C06CF9A61AC6}.Debug|Any CPU.Build.0 = Debug|Any CPU
		{6CE7336E-D881-40B2-9495-C06CF9A61AC6}.Debug|Mixed Platforms.ActiveCfg = Debug|Any CPU
		{6CE7336E-D881-40B2-9495-C06CF9A61AC6}.Debug|Mixed Platforms.Build.0 = Debug|Any CPU
		{6CE7336E-D881-40B2-9495-C06CF9A61AC6}.Debug|x86.ActiveCfg = Debug|Any CPU
		{6CE7336E-D881-40B2-9495-C06CF9A61AC6}.Release|Any CPU.ActiveCfg = Release|Any CPU
		{6CE7336E-D881-40B2-9495-C06CF9A61AC6}.Release|Any CPU.Build.0 = Release|Any CPU
		{6CE7336E-D881-40B2-9495-C06CF9A61AC6}.Release|Mixed Platforms.ActiveCfg = Release|Any CPU
		{6CE7336E-D881-40B2-9495-C06CF9A61AC6}.Release|Mixed Platforms.Build.0 = Release|Any CPU
		{6CE7336E-D881-40B2-9495-C06CF9A61AC6}.Release|x86.ActiveCfg = Release|Any CPU
		{BF0B37E7-2D93-4A3D-AD6D-0B51B66F5B21}.Debug|Any CPU.ActiveCfg = Debug|Any CPU
		{BF0B37E7-2D93-4A3D-AD6D-0B51B66F5B21}.Debug|Any CPU.Build.0 = Debug|Any CPU
		{BF0B37E7-2D93-4A3D-AD6D-0B51B66F5B21}.Debug|Mixed Platforms.ActiveCfg = Debug|Any CPU
		{BF0B37E7-2D93-4A3D-AD6D-0B51B66F5B21}.Debug|Mixed Platforms.Build.0 = Debug|Any CPU
		{BF0B37E7-2D93-4A3D-AD6D-0B51B66F5B21}.Debug|x86.ActiveCfg = Debug|Any CPU
		{BF0B37E7-2D93-4A3D-AD6D-0B51B66F5B21}.Release|Any CPU.ActiveCfg = Release|Any CPU
		{BF0B37E7-2D93-4A3D-AD6D-0B51B66F5B21}.Release|Any CPU.Build.0 = Release|Any CPU
		{BF0B37E7-2D93-4A3D-AD6D-0B51B66F5B21}.Release|Mixed Platforms.ActiveCfg = Release|Any CPU
		{BF0B37E7-2D93-4A3D-AD6D-0B51B66F5B21}.Release|Mixed Platforms.Build.0 = Release|Any CPU
		{BF0B37E7-2D93-4A3D-AD6D-0B51B66F5B21}.Release|x86.ActiveCfg = Release|Any CPU
		{D05D58D3-5C3A-41BD-BA9E-2AA532A3B1BE}.Debug|Any CPU.ActiveCfg = Debug|Any CPU
		{D05D58D3-5C3A-41BD-BA9E-2AA532A3B1BE}.Debug|Any CPU.Build.0 = Debug|Any CPU
		{D05D58D3-5C3A-41BD-BA9E-2AA532A3B1BE}.Debug|Mixed Platforms.ActiveCfg = Debug|Any CPU
		{D05D58D3-5C3A-41BD-BA9E-2AA532A3B1BE}.Debug|Mixed Platforms.Build.0 = Debug|Any CPU
		{D05D58D3-5C3A-41BD-BA9E-2AA532A3B1BE}.Debug|x86.ActiveCfg = Debug|Any CPU
		{D05D58D3-5C3A-41BD-BA9E-2AA532A3B1BE}.Release|Any CPU.ActiveCfg = Release|Any CPU
		{D05D58D3-5C3A-41BD-BA9E-2AA532A3B1BE}.Release|Any CPU.Build.0 = Release|Any CPU
		{D05D58D3-5C3A-41BD-BA9E-2AA532A3B1BE}.Release|Mixed Platforms.ActiveCfg = Release|Any CPU
		{D05D58D3-5C3A-41BD-BA9E-2AA532A3B1BE}.Release|Mixed Platforms.Build.0 = Release|Any CPU
		{D05D58D3-5C3A-41BD-BA9E-2AA532A3B1BE}.Release|x86.ActiveCfg = Release|Any CPU
		{E775B408-605F-4B66-87B6-98596069B703}.Debug|Any CPU.ActiveCfg = Debug|Any CPU
		{E775B408-605F-4B66-87B6-98596069B703}.Debug|Any CPU.Build.0 = Debug|Any CPU
		{E775B408-605F-4B66-87B6-98596069B703}.Debug|Mixed Platforms.ActiveCfg = Debug|Any CPU
		{E775B408-605F-4B66-87B6-98596069B703}.Debug|Mixed Platforms.Build.0 = Debug|Any CPU
		{E775B408-605F-4B66-87B6-98596069B703}.Debug|x86.ActiveCfg = Debug|Any CPU
		{E775B408-605F-4B66-87B6-98596069B703}.Release|Any CPU.ActiveCfg = Release|Any CPU
		{E775B408-605F-4B66-87B6-98596069B703}.Release|Any CPU.Build.0 = Release|Any CPU
		{E775B408-605F-4B66-87B6-98596069B703}.Release|Mixed Platforms.ActiveCfg = Release|Any CPU
		{E775B408-605F-4B66-87B6-98596069B703}.Release|Mixed Platforms.Build.0 = Release|Any CPU
		{E775B408-605F-4B66-87B6-98596069B703}.Release|x86.ActiveCfg = Release|Any CPU
	EndGlobalSection
	GlobalSection(SolutionProperties) = preSolution
		HideSolutionNode = FALSE
	EndGlobalSection
EndGlobal
