
Microsoft Visual Studio Solution File, Format Version 10.00
# Visual Studio 2008
Project("{FAE04EC0-301F-11D3-BF4B-00C04F79EFBC}") = "ROYcms.DB", "ROYcms.DB.csproj", "{C7F4084E-D834-43E4-AF78-15B7C76D1DD8}"
EndProject
Global
	GlobalSection(SolutionConfigurationPlatforms) = preSolution
		Debug|Any CPU = Debug|Any CPU
		Release|Any CPU = Release|Any CPU
	EndGlobalSection
	GlobalSection(ProjectConfigurationPlatforms) = postSolution
		{C7F4084E-D834-43E4-AF78-15B7C76D1DD8}.Debug|Any CPU.ActiveCfg = Debug|Any CPU
		{C7F4084E-D834-43E4-AF78-15B7C76D1DD8}.Debug|Any CPU.Build.0 = Debug|Any CPU
		{C7F4084E-D834-43E4-AF78-15B7C76D1DD8}.Release|Any CPU.ActiveCfg = Release|Any CPU
		{C7F4084E-D834-43E4-AF78-15B7C76D1DD8}.Release|Any CPU.Build.0 = Release|Any CPU
	EndGlobalSection
	GlobalSection(SolutionProperties) = preSolution
		HideSolutionNode = FALSE
	EndGlobalSection
EndGlobal
